
Microsoft Visual Studio Solution File, Format Version 12.00
# Visual Studio Version 16
VisualStudioVersion = 16.0.29709.97
MinimumVisualStudioVersion = 10.0.40219.1
Project("{FAE04EC0-301F-11D3-BF4B-00C04F79EFBC}") = "PictureViewer", "PictureViewer.csproj", "{C5FD0498-3880-4C9C-A3B0-BD68E699549E}"
EndProject
Global
	GlobalSection(SolutionConfigurationPlatforms) = preSolution
		Debug|Any CPU = Debug|Any CPU
		Release|Any CPU = Release|Any CPU
	EndGlobalSection
	GlobalSection(ProjectConfigurationPlatforms) = postSolution
		{C5FD0498-3880-4C9C-A3B0-BD68E699549E}.Debug|Any CPU.ActiveCfg = Debug|Any CPU
		{C5FD0498-3880-4C9C-A3B0-BD68E699549E}.Debug|Any CPU.Build.0 = Debug|Any CPU
		{C5FD0498-3880-4C9C-A3B0-BD68E699549E}.Release|Any CPU.ActiveCfg = Release|Any CPU
		{C5FD0498-3880-4C9C-A3B0-BD68E699549E}.Release|Any CPU.Build.0 = Release|Any CPU
	EndGlobalSection
	GlobalSection(SolutionProperties) = preSolution
		HideSolutionNode = FALSE
	EndGlobalSection
	GlobalSection(ExtensibilityGlobals) = postSolution
		SolutionGuid = {81844BFE-78D6-4D1E-A4DE-4F82497FF1D2}
	EndGlobalSection
EndGlobal
